// !$*UTF8*$!
{
	archiveVersion = 1;
	classes = {
	};
	objectVersion = 48;
	objects = {

/* Begin PBXBuildFile section */
		E589EAA0204E99E3006E9E95 /* AppDelegate.swift in Sources */ = {isa = PBXBuildFile; fileRef = E589EA9F204E99E3006E9E95 /* AppDelegate.swift */; };
		E589EAA2204E99E3006E9E95 /* ViewController.swift in Sources */ = {isa = PBXBuildFile; fileRef = E589EAA1204E99E3006E9E95 /* ViewController.swift */; };
		E589EAA5204E99E3006E9E95 /* Main.storyboard in Resources */ = {isa = PBXBuildFile; fileRef = E589EAA3204E99E3006E9E95 /* Main.storyboard */; };
		E589EAA7204E99E3006E9E95 /* Assets.xcassets in Resources */ = {isa = PBXBuildFile; fileRef = E589EAA6204E99E3006E9E95 /* Assets.xcassets */; };
		E589EAAA204E99E3006E9E95 /* LaunchScreen.storyboard in Resources */ = {isa = PBXBuildFile; fileRef = E589EAA8204E99E3006E9E95 /* LaunchScreen.storyboard */; };
		E589EAB5204E99E3006E9E95 /* Tab_WebViewTests.swift in Sources */ = {isa = PBXBuildFile; fileRef = E589EAB4204E99E3006E9E95 /* Tab_WebViewTests.swift */; };
		E589EAC0204E99E3006E9E95 /* Tab_WebViewUITests.swift in Sources */ = {isa = PBXBuildFile; fileRef = E589EABF204E99E3006E9E95 /* Tab_WebViewUITests.swift */; };
/* End PBXBuildFile section */

/* Begin PBXContainerItemProxy section */
		E589EAB1204E99E3006E9E95 /* PBXContainerItemProxy */ = {
			isa = PBXContainerItemProxy;
			containerPortal = E589EA94204E99E3006E9E95 /* Project object */;
			proxyType = 1;
			remoteGlobalIDString = E589EA9B204E99E3006E9E95;
			remoteInfo = "Tab&WebView";
		};
		E589EABC204E99E3006E9E95 /* PBXContainerItemProxy */ = {
			isa = PBXContainerItemProxy;
			containerPortal = E589EA94204E99E3006E9E95 /* Project object */;
			proxyType = 1;
			remoteGlobalIDString = E589EA9B204E99E3006E9E95;
			remoteInfo = "Tab&WebView";
		};
/* End PBXContainerItemProxy section */

/* Begin PBXFileReference section */
		E589EA9C204E99E3006E9E95 /* Tab&WebView.app */ = {isa = PBXFileReference; explicitFileType = wrapper.application; includeInIndex = 0; path = "Tab&WebView.app"; sourceTree = BUILT_PRODUCTS_DIR; };
		E589EA9F204E99E3006E9E95 /* AppDelegate.swift */ = {isa = PBXFileReference; lastKnownFileType = sourcecode.swift; path = AppDelegate.swift; sourceTree = "<group>"; };
		E589EAA1204E99E3006E9E95 /* ViewController.swift */ = {isa = PBXFileReference; lastKnownFileType = sourcecode.swift; path = ViewController.swift; sourceTree = "<group>"; };
		E589EAA4204E99E3006E9E95 /* Base */ = {isa = PBXFileReference; lastKnownFileType = file.storyboard; name = Base; path = Base.lproj/Main.storyboard; sourceTree = "<group>"; };
		E589EAA6204E99E3006E9E95 /* Assets.xcassets */ = {isa = PBXFileReference; lastKnownFileType = folder.assetcatalog; path = Assets.xcassets; sourceTree = "<group>"; };
		E589EAA9204E99E3006E9E95 /* Base */ = {isa = PBXFileReference; lastKnownFileType = file.storyboard; name = Base; path = Base.lproj/LaunchScreen.storyboard; sourceTree = "<group>"; };
		E589EAAB204E99E3006E9E95 /* Info.plist */ = {isa = PBXFileReference; lastKnownFileType = text.plist.xml; path = Info.plist; sourceTree = "<group>"; };
		E589EAB0204E99E3006E9E95 /* Tab&WebViewTests.xctest */ = {isa = PBXFileReference; explicitFileType = wrapper.cfbundle; includeInIndex = 0; path = "Tab&WebViewTests.xctest"; sourceTree = BUILT_PRODUCTS_DIR; };
		E589EAB4204E99E3006E9E95 /* Tab_WebViewTests.swift */ = {isa = PBXFileReference; lastKnownFileType = sourcecode.swift; path = Tab_WebViewTests.swift; sourceTree = "<group>"; };
		E589EAB6204E99E3006E9E95 /* Info.plist */ = {isa = PBXFileReference; lastKnownFileType = text.plist.xml; path = Info.plist; sourceTree = "<group>"; };
		E589EABB204E99E3006E9E95 /* Tab&WebViewUITests.xctest */ = {isa = PBXFileReference; explicitFileType = wrapper.cfbundle; includeInIndex = 0; path = "Tab&WebViewUITests.xctest"; sourceTree = BUILT_PRODUCTS_DIR; };
		E589EABF204E99E3006E9E95 /* Tab_WebViewUITests.swift */ = {isa = PBXFileReference; lastKnownFileType = sourcecode.swift; path = Tab_WebViewUITests.swift; sourceTree = "<group>"; };
		E589EAC1204E99E3006E9E95 /* Info.plist */ = {isa = PBXFileReference; lastKnownFileType = text.plist.xml; path = Info.plist; sourceTree = "<group>"; };
/* End PBXFileReference section */

/* Begin PBXFrameworksBuildPhase section */
		E589EA99204E99E3006E9E95 /* Frameworks */ = {
			isa = PBXFrameworksBuildPhase;
			buildActionMask = 2147483647;
			files = (
			);
			runOnlyForDeploymentPostprocessing = 0;
		};
		E589EAAD204E99E3006E9E95 /* Frameworks */ = {
			isa = PBXFrameworksBuildPhase;
			buildActionMask = 2147483647;
			files = (
			);
			runOnlyForDeploymentPostprocessing = 0;
		};
		E589EAB8204E99E3006E9E95 /* Frameworks */ = {
			isa = PBXFrameworksBuildPhase;
			buildActionMask = 2147483647;
			files = (
			);
			runOnlyForDeploymentPostprocessing = 0;
		};
/* End PBXFrameworksBuildPhase section */

/* Begin PBXGroup section */
		E589EA93204E99E2006E9E95 = {
			isa = PBXGroup;
			children = (
				E589EA9E204E99E3006E9E95 /* Tab&WebView */,
				E589EAB3204E99E3006E9E95 /* Tab&WebViewTests */,
				E589EABE204E99E3006E9E95 /* Tab&WebViewUITests */,
				E589EA9D204E99E3006E9E95 /* Products */,
			);
			sourceTree = "<group>";
		};
		E589EA9D204E99E3006E9E95 /* Products */ = {
			isa = PBXGroup;
			children = (
				E589EA9C204E99E3006E9E95 /* Tab&WebView.app */,
				E589EAB0204E99E3006E9E95 /* Tab&WebViewTests.xctest */,
				E589EABB204E99E3006E9E95 /* Tab&WebViewUITests.xctest */,
			);
			name = Products;
			sourceTree = "<group>";
		};
		E589EA9E204E99E3006E9E95 /* Tab&WebView */ = {
			isa = PBXGroup;
			children = (
				E589EA9F204E99E3006E9E95 /* AppDelegate.swift */,
				E589EAA1204E99E3006E9E95 /* ViewController.swift */,
				E589EAA3204E99E3006E9E95 /* Main.storyboard */,
				E589EAA6204E99E3006E9E95 /* Assets.xcassets */,
				E589EAA8204E99E3006E9E95 /* LaunchScreen.storyboard */,
				E589EAAB204E99E3006E9E95 /* Info.plist */,
			);
			path = "Tab&WebView";
			sourceTree = "<group>";
		};
		E589EAB3204E99E3006E9E95 /* Tab&WebViewTests */ = {
			isa = PBXGroup;
			children = (
				E589EAB4204E99E3006E9E95 /* Tab_WebViewTests.swift */,
				E589EAB6204E99E3006E9E95 /* Info.plist */,
			);
			path = "Tab&WebViewTests";
			sourceTree = "<group>";
		};
		E589EABE204E99E3006E9E95 /* Tab&WebViewUITests */ = {
			isa = PBXGroup;
			children = (
				E589EABF204E99E3006E9E95 /* Tab_WebViewUITests.swift */,
				E589EAC1204E99E3006E9E95 /* Info.plist */,
			);
			path = "Tab&WebViewUITests";
			sourceTree = "<group>";
		};
/* End PBXGroup section */

/* Begin PBXNativeTarget section */
		E589EA9B204E99E3006E9E95 /* Tab&WebView */ = {
			isa = PBXNativeTarget;
			buildConfigurationList = E589EAC4204E99E3006E9E95 /* Build configuration list for PBXNativeTarget "Tab&WebView" */;
			buildPhases = (
				E589EA98204E99E3006E9E95 /* Sources */,
				E589EA99204E99E3006E9E95 /* Frameworks */,
				E589EA9A204E99E3006E9E95 /* Resources */,
			);
			buildRules = (
			);
			dependencies = (
			);
			name = "Tab&WebView";
			productName = "Tab&WebView";
			productReference = E589EA9C204E99E3006E9E95 /* Tab&WebView.app */;
			productType = "com.apple.product-type.application";
		};
		E589EAAF204E99E3006E9E95 /* Tab&WebViewTests */ = {
			isa = PBXNativeTarget;
			buildConfigurationList = E589EAC7204E99E3006E9E95 /* Build configuration list for PBXNativeTarget "Tab&WebViewTests" */;
			buildPhases = (
				E589EAAC204E99E3006E9E95 /* Sources */,
				E589EAAD204E99E3006E9E95 /* Frameworks */,
				E589EAAE204E99E3006E9E95 /* Resources */,
			);
			buildRules = (
			);
			dependencies = (
				E589EAB2204E99E3006E9E95 /* PBXTargetDependency */,
			);
			name = "Tab&WebViewTests";
			productName = "Tab&WebViewTests";
			productReference = E589EAB0204E99E3006E9E95 /* Tab&WebViewTests.xctest */;
			productType = "com.apple.product-type.bundle.unit-test";
		};
		E589EABA204E99E3006E9E95 /* Tab&WebViewUITests */ = {
			isa = PBXNativeTarget;
			buildConfigurationList = E589EACA204E99E3006E9E95 /* Build configuration list for PBXNativeTarget "Tab&WebViewUITests" */;
			buildPhases = (
				E589EAB7204E99E3006E9E95 /* Sources */,
				E589EAB8204E99E3006E9E95 /* Frameworks */,
				E589EAB9204E99E3006E9E95 /* Resources */,
			);
			buildRules = (
			);
			dependencies = (
				E589EABD204E99E3006E9E95 /* PBXTargetDependency */,
			);
			name = "Tab&WebViewUITests";
			productName = "Tab&WebViewUITests";
			productReference = E589EABB204E99E3006E9E95 /* Tab&WebViewUITests.xctest */;
			productType = "com.apple.product-type.bundle.ui-testing";
		};
/* End PBXNativeTarget section */

/* Begin PBXProject section */
		E589EA94204E99E3006E9E95 /* Project object */ = {
			isa = PBXProject;
			attributes = {
				LastSwiftUpdateCheck = 0920;
				LastUpgradeCheck = 0920;
				ORGANIZATIONNAME = OmniproEdge;
				TargetAttributes = {
					E589EA9B204E99E3006E9E95 = {
						CreatedOnToolsVersion = 9.2;
						ProvisioningStyle = Automatic;
					};
					E589EAAF204E99E3006E9E95 = {
						CreatedOnToolsVersion = 9.2;
						ProvisioningStyle = Automatic;
						TestTargetID = E589EA9B204E99E3006E9E95;
					};
					E589EABA204E99E3006E9E95 = {
						CreatedOnToolsVersion = 9.2;
						ProvisioningStyle = Automatic;
						TestTargetID = E589EA9B204E99E3006E9E95;
					};
				};
			};
			buildConfigurationList = E589EA97204E99E3006E9E95 /* Build configuration list for PBXProject "Tab&WebView" */;
			compatibilityVersion = "Xcode 8.0";
			developmentRegion = en;
			hasScannedForEncodings = 0;
			knownRegions = (
				en,
				Base,
			);
			mainGroup = E589EA93204E99E2006E9E95;
			productRefGroup = E589EA9D204E99E3006E9E95 /* Products */;
			projectDirPath = "";
			projectRoot = "";
			targets = (
				E589EA9B204E99E3006E9E95 /* Tab&WebView */,
				E589EAAF204E99E3006E9E95 /* Tab&WebViewTests */,
				E589EABA204E99E3006E9E95 /* Tab&WebViewUITests */,
			);
		};
/* End PBXProject section */

/* Begin PBXResourcesBuildPhase section */
		E589EA9A204E99E3006E9E95 /* Resources */ = {
			isa = PBXResourcesBuildPhase;
			buildActionMask = 2147483647;
			files = (
				E589EAAA204E99E3006E9E95 /* LaunchScreen.storyboard in Resources */,
				E589EAA7204E99E3006E9E95 /* Assets.xcassets in Resources */,
				E589EAA5204E99E3006E9E95 /* Main.storyboard in Resources */,
			);
			runOnlyForDeploymentPostprocessing = 0;
		};
		E589EAAE204E99E3006E9E95 /* Resources */ = {
			isa = PBXResourcesBuildPhase;
			buildActionMask = 2147483647;
			files = (
			);
			runOnlyForDeploymentPostprocessing = 0;
		};
		E589EAB9204E99E3006E9E95 /* Resources */ = {
			isa = PBXResourcesBuildPhase;
			buildActionMask = 2147483647;
			files = (
			);
			runOnlyForDeploymentPostprocessing = 0;
		};
/* End PBXResourcesBuildPhase section */

/* Begin PBXSourcesBuildPhase section */
		E589EA98204E99E3006E9E95 /* Sources */ = {
			isa = PBXSourcesBuildPhase;
			buildActionMask = 2147483647;
			files = (
				E589EAA2204E99E3006E9E95 /* ViewController.swift in Sources */,
				E589EAA0204E99E3006E9E95 /* AppDelegate.swift in Sources */,
			);
			runOnlyForDeploymentPostprocessing = 0;
		};
		E589EAAC204E99E3006E9E95 /* Sources */ = {
			isa = PBXSourcesBuildPhase;
			buildActionMask = 2147483647;
			files = (
				E589EAB5204E99E3006E9E95 /* Tab_WebViewTests.swift in Sources */,
			);
			runOnlyForDeploymentPostprocessing = 0;
		};
		E589EAB7204E99E3006E9E95 /* Sources */ = {
			isa = PBXSourcesBuildPhase;
			buildActionMask = 2147483647;
			files = (
				E589EAC0204E99E3006E9E95 /* Tab_WebViewUITests.swift in Sources */,
			);
			runOnlyForDeploymentPostprocessing = 0;
		};
/* End PBXSourcesBuildPhase section */

/* Begin PBXTargetDependency section */
		E589EAB2204E99E3006E9E95 /* PBXTargetDependency */ = {
			isa = PBXTargetDependency;
			target = E589EA9B204E99E3006E9E95 /* Tab&WebView */;
			targetProxy = E589EAB1204E99E3006E9E95 /* PBXContainerItemProxy */;
		};
		E589EABD204E99E3006E9E95 /* PBXTargetDependency */ = {
			isa = PBXTargetDependency;
			target = E589EA9B204E99E3006E9E95 /* Tab&WebView */;
			targetProxy = E589EABC204E99E3006E9E95 /* PBXContainerItemProxy */;
		};
/* End PBXTargetDependency section */

/* Begin PBXVariantGroup section */
		E589EAA3204E99E3006E9E95 /* Main.storyboard */ = {
			isa = PBXVariantGroup;
			children = (
				E589EAA4204E99E3006E9E95 /* Base */,
			);
			name = Main.storyboard;
			sourceTree = "<group>";
		};
		E589EAA8204E99E3006E9E95 /* LaunchScreen.storyboard */ = {
			isa = PBXVariantGroup;
			children = (
				E589EAA9204E99E3006E9E95 /* Base */,
			);
			name = LaunchScreen.storyboard;
			sourceTree = "<group>";
		};
/* End PBXVariantGroup section */

/* Begin XCBuildConfiguration section */
		E589EAC2204E99E3006E9E95 /* Debug */ = {
			isa = XCBuildConfiguration;
			buildSettings = {
				ALWAYS_SEARCH_USER_PATHS = NO;
				CLANG_ANALYZER_NONNULL = YES;
				CLANG_ANALYZER_NUMBER_OBJECT_CONVERSION = YES_AGGRESSIVE;
				CLANG_CXX_LANGUAGE_STANDARD = "gnu++14";
				CLANG_CXX_LIBRARY = "libc++";
				CLANG_ENABLE_MODULES = YES;
				CLANG_ENABLE_OBJC_ARC = YES;
				CLANG_WARN_BLOCK_CAPTURE_AUTORELEASING = YES;
				CLANG_WARN_BOOL_CONVERSION = YES;
				CLANG_WARN_COMMA = YES;
				CLANG_WARN_CONSTANT_CONVERSION = YES;
				CLANG_WARN_DIRECT_OBJC_ISA_USAGE = YES_ERROR;
				CLANG_WARN_DOCUMENTATION_COMMENTS = YES;
				CLANG_WARN_EMPTY_BODY = YES;
				CLANG_WARN_ENUM_CONVERSION = YES;
				CLANG_WARN_INFINITE_RECURSION = YES;
				CLANG_WARN_INT_CONVERSION = YES;
				CLANG_WARN_NON_LITERAL_NULL_CONVERSION = YES;
				CLANG_WARN_OBJC_LITERAL_CONVERSION = YES;
				CLANG_WARN_OBJC_ROOT_CLASS = YES_ERROR;
				CLANG_WARN_RANGE_LOOP_ANALYSIS = YES;
				CLANG_WARN_STRICT_PROTOTYPES = YES;
				CLANG_WARN_SUSPICIOUS_MOVE = YES;
				CLANG_WARN_UNGUARDED_AVAILABILITY = YES_AGGRESSIVE;
				CLANG_WARN_UNREACHABLE_CODE = YES;
				CLANG_WARN__DUPLICATE_METHOD_MATCH = YES;
				CODE_SIGN_IDENTITY = "iPhone Developer";
				COPY_PHASE_STRIP = NO;
				DEBUG_INFORMATION_FORMAT = dwarf;
				ENABLE_STRICT_OBJC_MSGSEND = YES;
				ENABLE_TESTABILITY = YES;
				GCC_C_LANGUAGE_STANDARD = gnu11;
				GCC_DYNAMIC_NO_PIC = NO;
				GCC_NO_COMMON_BLOCKS = YES;
				GCC_OPTIMIZATION_LEVEL = 0;
				GCC_PREPROCESSOR_DEFINITIONS = (
					"DEBUG=1",
					"$(inherited)",
				);
				GCC_WARN_64_TO_32_BIT_CONVERSION = YES;
				GCC_WARN_ABOUT_RETURN_TYPE = YES_ERROR;
				GCC_WARN_UNDECLARED_SELECTOR = YES;
				GCC_WARN_UNINITIALIZED_AUTOS = YES_AGGRESSIVE;
				GCC_WARN_UNUSED_FUNCTION = YES;
				GCC_WARN_UNUSED_VARIABLE = YES;
				IPHONEOS_DEPLOYMENT_TARGET = 11.2;
				MTL_ENABLE_DEBUG_INFO = YES;
				ONLY_ACTIVE_ARCH = YES;
				SDKROOT = iphoneos;
				SWIFT_ACTIVE_COMPILATION_CONDITIONS = DEBUG;
				SWIFT_OPTIMIZATION_LEVEL = "-Onone";
			};
			name = Debug;
		};
		E589EAC3204E99E3006E9E95 /* Release */ = {
			isa = XCBuildConfiguration;
			buildSettings = {
				ALWAYS_SEARCH_USER_PATHS = NO;
				CLANG_ANALYZER_NONNULL = YES;
				CLANG_ANALYZER_NUMBER_OBJECT_CONVERSION = YES_AGGRESSIVE;
				CLANG_CXX_LANGUAGE_STANDARD = "gnu++14";
				CLANG_CXX_LIBRARY = "libc++";
				CLANG_ENABLE_MODULES = YES;
				CLANG_ENABLE_OBJC_ARC = YES;
				CLANG_WARN_BLOCK_CAPTURE_AUTORELEASING = YES;
				CLANG_WARN_BOOL_CONVERSION = YES;
				CLANG_WARN_COMMA = YES;
				CLANG_WARN_CONSTANT_CONVERSION = YES;
				CLANG_WARN_DIRECT_OBJC_ISA_USAGE = YES_ERROR;
				CLANG_WARN_DOCUMENTATION_COMMENTS = YES;
				CLANG_WARN_EMPTY_BODY = YES;
				CLANG_WARN_ENUM_CONVERSION = YES;
				CLANG_WARN_INFINITE_RECURSION = YES;
				CLANG_WARN_INT_CONVERSION = YES;
				CLANG_WARN_NON_LITERAL_NULL_CONVERSION = YES;
				CLANG_WARN_OBJC_LITERAL_CONVERSION = YES;
				CLANG_WARN_OBJC_ROOT_CLASS = YES_ERROR;
				CLANG_WARN_RANGE_LOOP_ANALYSIS = YES;
				CLANG_WARN_STRICT_PROTOTYPES = YES;
				CLANG_WARN_SUSPICIOUS_MOVE = YES;
				CLANG_WARN_UNGUARDED_AVAILABILITY = YES_AGGRESSIVE;
				CLANG_WARN_UNREACHABLE_CODE = YES;
				CLANG_WARN__DUPLICATE_METHOD_MATCH = YES;
				CODE_SIGN_IDENTITY = "iPhone Developer";
				COPY_PHASE_STRIP = NO;
				DEBUG_INFORMATION_FORMAT = "dwarf-with-dsym";
				ENABLE_NS_ASSERTIONS = NO;
				ENABLE_STRICT_OBJC_MSGSEND = YES;
				GCC_C_LANGUAGE_STANDARD = gnu11;
				GCC_NO_COMMON_BLOCKS = YES;
				GCC_WARN_64_TO_32_BIT_CONVERSION = YES;
				GCC_WARN_ABOUT_RETURN_TYPE = YES_ERROR;
				GCC_WARN_UNDECLARED_SELECTOR = YES;
				GCC_WARN_UNINITIALIZED_AUTOS = YES_AGGRESSIVE;
				GCC_WARN_UNUSED_FUNCTION = YES;
				GCC_WARN_UNUSED_VARIABLE = YES;
				IPHONEOS_DEPLOYMENT_TARGET = 11.2;
				MTL_ENABLE_DEBUG_INFO = NO;
				SDKROOT = iphoneos;
				SWIFT_OPTIMIZATION_LEVEL = "-Owholemodule";
				VALIDATE_PRODUCT = YES;
			};
			name = Release;
		};
		E589EAC5204E99E3006E9E95 /* Debug */ = {
			isa = XCBuildConfiguration;
			buildSettings = {
				ASSETCATALOG_COMPILER_APPICON_NAME = AppIcon;
				CODE_SIGN_STYLE = Automatic;
				DEVELOPMENT_TEAM = 878N6LBXDT;
				INFOPLIST_FILE = "Tab&WebView/Info.plist";
				LD_RUNPATH_SEARCH_PATHS = "$(inherited) @executable_path/Frameworks";
				PRODUCT_BUNDLE_IDENTIFIER = "com.omniproedge.Tab-WebView";
				PRODUCT_NAME = "$(TARGET_NAME)";
				SWIFT_VERSION = 4.0;
				TARGETED_DEVICE_FAMILY = "1,2";
			};
			name = Debug;
		};
		E589EAC6204E99E3006E9E95 /* Release */ = {
			isa = XCBuildConfiguration;
			buildSettings = {
				ASSETCATALOG_COMPILER_APPICON_NAME = AppIcon;
				CODE_SIGN_STYLE = Automatic;
				DEVELOPMENT_TEAM = 878N6LBXDT;
				INFOPLIST_FILE = "Tab&WebView/Info.plist";
				LD_RUNPATH_SEARCH_PATHS = "$(inherited) @executable_path/Frameworks";
				PRODUCT_BUNDLE_IDENTIFIER = "com.omniproedge.Tab-WebView";
				PRODUCT_NAME = "$(TARGET_NAME)";
				SWIFT_VERSION = 4.0;
				TARGETED_DEVICE_FAMILY = "1,2";
			};
			name = Release;
		};
		E589EAC8204E99E3006E9E95 /* Debug */ = {
			isa = XCBuildConfiguration;
			buildSettings = {
				ALWAYS_EMBED_SWIFT_STANDARD_LIBRARIES = YES;
				BUNDLE_LOADER = "$(TEST_HOST)";
				CODE_SIGN_STYLE = Automatic;
				DEVELOPMENT_TEAM = 878N6LBXDT;
				INFOPLIST_FILE = "Tab&WebViewTests/Info.plist";
				LD_RUNPATH_SEARCH_PATHS = "$(inherited) @executable_path/Frameworks @loader_path/Frameworks";
				PRODUCT_BUNDLE_IDENTIFIER = "com.omniproedge.Tab-WebViewTests";
				PRODUCT_NAME = "$(TARGET_NAME)";
				SWIFT_VERSION = 4.0;
				TARGETED_DEVICE_FAMILY = "1,2";
				TEST_HOST = "$(BUILT_PRODUCTS_DIR)/Tab&WebView.app/Tab&WebView";
			};
			name = Debug;
		};
		E589EAC9204E99E3006E9E95 /* Release */ = {
			isa = XCBuildConfiguration;
			buildSettings = {
				ALWAYS_EMBED_SWIFT_STANDARD_LIBRARIES = YES;
				BUNDLE_LOADER = "$(TEST_HOST)";
				CODE_SIGN_STYLE = Automatic;
				DEVELOPMENT_TEAM = 878N6LBXDT;
				INFOPLIST_FILE = "Tab&WebViewTests/Info.plist";
				LD_RUNPATH_SEARCH_PATHS = "$(inherited) @executable_path/Frameworks @loader_path/Frameworks";
				PRODUCT_BUNDLE_IDENTIFIER = "com.omniproedge.Tab-WebViewTests";
				PRODUCT_NAME = "$(TARGET_NAME)";
				SWIFT_VERSION = 4.0;
				TARGETED_DEVICE_FAMILY = "1,2";
				TEST_HOST = "$(BUILT_PRODUCTS_DIR)/Tab&WebView.app/Tab&WebView";
			};
			name = Release;
		};
		E589EACB204E99E3006E9E95 /* Debug */ = {
			isa = XCBuildConfiguration;
			buildSettings = {
				ALWAYS_EMBED_SWIFT_STANDARD_LIBRARIES = YES;
				CODE_SIGN_STYLE = Automatic;
				DEVELOPMENT_TEAM = 878N6LBXDT;
				INFOPLIST_FILE = "Tab&WebViewUITests/Info.plist";
				LD_RUNPATH_SEARCH_PATHS = "$(inherited) @executable_path/Frameworks @loader_path/Frameworks";
				PRODUCT_BUNDLE_IDENTIFIER = "com.omniproedge.Tab-WebViewUITests";
				PRODUCT_NAME = "$(TARGET_NAME)";
				SWIFT_VERSION = 4.0;
				TARGETED_DEVICE_FAMILY = "1,2";
				TEST_TARGET_NAME = "Tab&WebView";
			};
			name = Debug;
		};
		E589EACC204E99E3006E9E95 /* Release */ = {
			isa = XCBuildConfiguration;
			buildSettings = {
				ALWAYS_EMBED_SWIFT_STANDARD_LIBRARIES = YES;
				CODE_SIGN_STYLE = Automatic;
				DEVELOPMENT_TEAM = 878N6LBXDT;
				INFOPLIST_FILE = "Tab&WebViewUITests/Info.plist";
				LD_RUNPATH_SEARCH_PATHS = "$(inherited) @executable_path/Frameworks @loader_path/Frameworks";
				PRODUCT_BUNDLE_IDENTIFIER = "com.omniproedge.Tab-WebViewUITests";
				PRODUCT_NAME = "$(TARGET_NAME)";
				SWIFT_VERSION = 4.0;
				TARGETED_DEVICE_FAMILY = "1,2";
				TEST_TARGET_NAME = "Tab&WebView";
			};
			name = Release;
		};
/* End XCBuildConfiguration section */

/* Begin XCConfigurationList section */
		E589EA97204E99E3006E9E95 /* Build configuration list for PBXProject "Tab&WebView" */ = {
			isa = XCConfigurationList;
			buildConfigurations = (
				E589EAC2204E99E3006E9E95 /* Debug */,
				E589EAC3204E99E3006E9E95 /* Release */,
			);
			defaultConfigurationIsVisible = 0;
			defaultConfigurationName = Release;
		};
		E589EAC4204E99E3006E9E95 /* Build configuration list for PBXNativeTarget "Tab&WebView" */ = {
			isa = XCConfigurationList;
			buildConfigurations = (
				E589EAC5204E99E3006E9E95 /* Debug */,
				E589EAC6204E99E3006E9E95 /* Release */,
			);
			defaultConfigurationIsVisible = 0;
			defaultConfigurationName = Release;
		};
		E589EAC7204E99E3006E9E95 /* Build configuration list for PBXNativeTarget "Tab&WebViewTests" */ = {
			isa = XCConfigurationList;
			buildConfigurations = (
				E589EAC8204E99E3006E9E95 /* Debug */,
				E589EAC9204E99E3006E9E95 /* Release */,
			);
			defaultConfigurationIsVisible = 0;
			defaultConfigurationName = Release;
		};
		E589EACA204E99E3006E9E95 /* Build configuration list for PBXNativeTarget "Tab&WebViewUITests" */ = {
			isa = XCConfigurationList;
			buildConfigurations = (
				E589EACB204E99E3006E9E95 /* Debug */,
				E589EACC204E99E3006E9E95 /* Release */,
			);
			defaultConfigurationIsVisible = 0;
			defaultConfigurationName = Release;
		};
/* End XCConfigurationList section */
	};
	rootObject = E589EA94204E99E3006E9E95 /* Project object */;
}
